
Microsoft Visual Studio Solution File, Format Version 12.00
# Visual Studio Version 16
VisualStudioVersion = 16.0.31205.134
MinimumVisualStudioVersion = 10.0.40219.1
Project("{8BC9CEB8-8B4A-11D0-8D11-00A0C91BC942}") = "RPN_implementation", "RPN_implementation.vcxproj", "{7202A070-0A8E-42D7-8F75-2FBC117171CD}"
EndProject
Global
	GlobalSection(SolutionConfigurationPlatforms) = preSolution
		Debug|x64 = Debug|x64
		Debug|x86 = Debug|x86
		Release|x64 = Release|x64
		Release|x86 = Release|x86
	EndGlobalSection
	GlobalSection(ProjectConfigurationPlatforms) = postSolution
		{7202A070-0A8E-42D7-8F75-2FBC117171CD}.Debug|x64.ActiveCfg = Debug|x64
		{7202A070-0A8E-42D7-8F75-2FBC117171CD}.Debug|x64.Build.0 = Debug|x64
		{7202A070-0A8E-42D7-8F75-2FBC117171CD}.Debug|x86.ActiveCfg = Debug|Win32
		{7202A070-0A8E-42D7-8F75-2FBC117171CD}.Debug|x86.Build.0 = Debug|Win32
		{7202A070-0A8E-42D7-8F75-2FBC117171CD}.Release|x64.ActiveCfg = Release|x64
		{7202A070-0A8E-42D7-8F75-2FBC117171CD}.Release|x64.Build.0 = Release|x64
		{7202A070-0A8E-42D7-8F75-2FBC117171CD}.Release|x86.ActiveCfg = Release|Win32
		{7202A070-0A8E-42D7-8F75-2FBC117171CD}.Release|x86.Build.0 = Release|Win32
	EndGlobalSection
	GlobalSection(SolutionProperties) = preSolution
		HideSolutionNode = FALSE
	EndGlobalSection
	GlobalSection(ExtensibilityGlobals) = postSolution
		SolutionGuid = {C9F6E3E7-B1CD-422C-8864-6B728D11F0B2}
	EndGlobalSection
EndGlobal
